
Microsoft Visual Studio Solution File, Format Version 12.00
# Visual Studio Version 17
VisualStudioVersion = 17.2.32630.192
MinimumVisualStudioVersion = 10.0.40219.1
Project("{FAE04EC0-301F-11D3-BF4B-00C04F79EFBC}") = "RegistrationForm", "RegistrationForm.csproj", "{43740B32-F002-4186-A925-4B6907AC52C9}"
EndProject
Global
	GlobalSection(SolutionConfigurationPlatforms) = preSolution
		Debug|Any CPU = Debug|Any CPU
		Release|Any CPU = Release|Any CPU
	EndGlobalSection
	GlobalSection(ProjectConfigurationPlatforms) = postSolution
		{43740B32-F002-4186-A925-4B6907AC52C9}.Debug|Any CPU.ActiveCfg = Debug|Any CPU
		{43740B32-F002-4186-A925-4B6907AC52C9}.Debug|Any CPU.Build.0 = Debug|Any CPU
		{43740B32-F002-4186-A925-4B6907AC52C9}.Release|Any CPU.ActiveCfg = Release|Any CPU
		{43740B32-F002-4186-A925-4B6907AC52C9}.Release|Any CPU.Build.0 = Release|Any CPU
	EndGlobalSection
	GlobalSection(SolutionProperties) = preSolution
		HideSolutionNode = FALSE
	EndGlobalSection
	GlobalSection(ExtensibilityGlobals) = postSolution
		SolutionGuid = {6F7DC4D8-5770-4591-910F-1B2B67391B91}
	EndGlobalSection
EndGlobal
